
Microsoft Visual Studio Solution File, Format Version 10.00
# Visual Studio 2008
Project("{8BC9CEB8-8B4A-11D0-8D11-00A0C91BC942}") = "random_lib", "random_lib\random_lib.vcproj", "{17C5F927-8463-4716-9709-EBE079CF0F4D}"
EndProject
Global
	GlobalSection(SolutionConfigurationPlatforms) = preSolution
		Debug|Win32 = Debug|Win32
		Release|Win32 = Release|Win32
	EndGlobalSection
	GlobalSection(ProjectConfigurationPlatforms) = postSolution
		{17C5F927-8463-4716-9709-EBE079CF0F4D}.Debug|Win32.ActiveCfg = Debug|Win32
		{17C5F927-8463-4716-9709-EBE079CF0F4D}.Debug|Win32.Build.0 = Debug|Win32
		{17C5F927-8463-4716-9709-EBE079CF0F4D}.Release|Win32.ActiveCfg = Release|Win32
		{17C5F927-8463-4716-9709-EBE079CF0F4D}.Release|Win32.Build.0 = Release|Win32
	EndGlobalSection
	GlobalSection(SolutionProperties) = preSolution
		HideSolutionNode = FALSE
	EndGlobalSection
EndGlobal
